
Microsoft Visual Studio Solution File, Format Version 12.00
# Visual Studio 15
VisualStudioVersion = 15.0.26124.0
MinimumVisualStudioVersion = 15.0.26124.0
Project("{9A19103F-16F7-4668-BE54-9A1E7A4F7556}") = "Lil.Customers", "Lil.Customers\Lil.Customers.csproj", "{46B1C740-51C6-43F3-8249-9F9CC18949C5}"
EndProject
Project("{9A19103F-16F7-4668-BE54-9A1E7A4F7556}") = "Lil.Products", "Lil.Products\Lil.Products.csproj", "{49FDA952-5DC8-4226-8D04-4E9F0CB05AFE}"
EndProject
Project("{9A19103F-16F7-4668-BE54-9A1E7A4F7556}") = "Lil.Sales", "Lil.Sales\Lil.Sales.csproj", "{D9749EAC-D42D-446A-B9E9-343D8BF57F64}"
EndProject
Project("{9A19103F-16F7-4668-BE54-9A1E7A4F7556}") = "Lil.Search", "Lil.Search\Lil.Search.csproj", "{84025C23-87EF-403A-BEBA-22776AE41977}"
EndProject
Project("{FAE04EC0-301F-11D3-BF4B-00C04F79EFBC}") = "Lil.Customers.Tests", "Lil.Customers.Tests\Lil.Customers.Tests.csproj", "{056FED2E-F160-4E75-A6DB-FB6C7771E256}"
EndProject
Project("{FAE04EC0-301F-11D3-BF4B-00C04F79EFBC}") = "Lil.Products.Tests", "Lil.Products.Tests\Lil.Products.Tests.csproj", "{4259490B-DD6E-46CD-A28C-5DCDE95D5DED}"
EndProject
Project("{FAE04EC0-301F-11D3-BF4B-00C04F79EFBC}") = "Lil.Sales.Tests", "Lil.Sales.Tests\Lil.Sales.Tests.csproj", "{F7BF279D-8076-4374-B2D5-E407C4A01213}"
EndProject
Project("{FAE04EC0-301F-11D3-BF4B-00C04F79EFBC}") = "Lil.Search.Tests", "Lil.Search.Tests\Lil.Search.Tests.csproj", "{56ADF786-0D0A-4136-9363-2E9C1886A6CB}"
EndProject
Global
	GlobalSection(SolutionConfigurationPlatforms) = preSolution
		Debug|Any CPU = Debug|Any CPU
		Debug|x64 = Debug|x64
		Debug|x86 = Debug|x86
		Release|Any CPU = Release|Any CPU
		Release|x64 = Release|x64
		Release|x86 = Release|x86
	EndGlobalSection
	GlobalSection(ProjectConfigurationPlatforms) = postSolution
		{46B1C740-51C6-43F3-8249-9F9CC18949C5}.Debug|Any CPU.ActiveCfg = Debug|Any CPU
		{46B1C740-51C6-43F3-8249-9F9CC18949C5}.Debug|Any CPU.Build.0 = Debug|Any CPU
		{46B1C740-51C6-43F3-8249-9F9CC18949C5}.Debug|x64.ActiveCfg = Debug|Any CPU
		{46B1C740-51C6-43F3-8249-9F9CC18949C5}.Debug|x64.Build.0 = Debug|Any CPU
		{46B1C740-51C6-43F3-8249-9F9CC18949C5}.Debug|x86.ActiveCfg = Debug|Any CPU
		{46B1C740-51C6-43F3-8249-9F9CC18949C5}.Debug|x86.Build.0 = Debug|Any CPU
		{46B1C740-51C6-43F3-8249-9F9CC18949C5}.Release|Any CPU.ActiveCfg = Release|Any CPU
		{46B1C740-51C6-43F3-8249-9F9CC18949C5}.Release|Any CPU.Build.0 = Release|Any CPU
		{46B1C740-51C6-43F3-8249-9F9CC18949C5}.Release|x64.ActiveCfg = Release|Any CPU
		{46B1C740-51C6-43F3-8249-9F9CC18949C5}.Release|x64.Build.0 = Release|Any CPU
		{46B1C740-51C6-43F3-8249-9F9CC18949C5}.Release|x86.ActiveCfg = Release|Any CPU
		{46B1C740-51C6-43F3-8249-9F9CC18949C5}.Release|x86.Build.0 = Release|Any CPU
		{49FDA952-5DC8-4226-8D04-4E9F0CB05AFE}.Debug|Any CPU.ActiveCfg = Debug|Any CPU
		{49FDA952-5DC8-4226-8D04-4E9F0CB05AFE}.Debug|Any CPU.Build.0 = Debug|Any CPU
		{49FDA952-5DC8-4226-8D04-4E9F0CB05AFE}.Debug|x64.ActiveCfg = Debug|Any CPU
		{49FDA952-5DC8-4226-8D04-4E9F0CB05AFE}.Debug|x64.Build.0 = Debug|Any CPU
		{49FDA952-5DC8-4226-8D04-4E9F0CB05AFE}.Debug|x86.ActiveCfg = Debug|Any CPU
		{49FDA952-5DC8-4226-8D04-4E9F0CB05AFE}.Debug|x86.Build.0 = Debug|Any CPU
		{49FDA952-5DC8-4226-8D04-4E9F0CB05AFE}.Release|Any CPU.ActiveCfg = Release|Any CPU
		{49FDA952-5DC8-4226-8D04-4E9F0CB05AFE}.Release|Any CPU.Build.0 = Release|Any CPU
		{49FDA952-5DC8-4226-8D04-4E9F0CB05AFE}.Release|x64.ActiveCfg = Release|Any CPU
		{49FDA952-5DC8-4226-8D04-4E9F0CB05AFE}.Release|x64.Build.0 = Release|Any CPU
		{49FDA952-5DC8-4226-8D04-4E9F0CB05AFE}.Release|x86.ActiveCfg = Release|Any CPU
		{49FDA952-5DC8-4226-8D04-4E9F0CB05AFE}.Release|x86.Build.0 = Release|Any CPU
		{D9749EAC-D42D-446A-B9E9-343D8BF57F64}.Debug|Any CPU.ActiveCfg = Debug|Any CPU
		{D9749EAC-D42D-446A-B9E9-343D8BF57F64}.Debug|Any CPU.Build.0 = Debug|Any CPU
		{D9749EAC-D42D-446A-B9E9-343D8BF57F64}.Debug|x64.ActiveCfg = Debug|Any CPU
		{D9749EAC-D42D-446A-B9E9-343D8BF57F64}.Debug|x64.Build.0 = Debug|Any CPU
		{D9749EAC-D42D-446A-B9E9-343D8BF57F64}.Debug|x86.ActiveCfg = Debug|Any CPU
		{D9749EAC-D42D-446A-B9E9-343D8BF57F64}.Debug|x86.Build.0 = Debug|Any CPU
		{D9749EAC-D42D-446A-B9E9-343D8BF57F64}.Release|Any CPU.ActiveCfg = Release|Any CPU
		{D9749EAC-D42D-446A-B9E9-343D8BF57F64}.Release|Any CPU.Build.0 = Release|Any CPU
		{D9749EAC-D42D-446A-B9E9-343D8BF57F64}.Release|x64.ActiveCfg = Release|Any CPU
		{D9749EAC-D42D-446A-B9E9-343D8BF57F64}.Release|x64.Build.0 = Release|Any CPU
		{D9749EAC-D42D-446A-B9E9-343D8BF57F64}.Release|x86.ActiveCfg = Release|Any CPU
		{D9749EAC-D42D-446A-B9E9-343D8BF57F64}.Release|x86.Build.0 = Release|Any CPU
		{84025C23-87EF-403A-BEBA-22776AE41977}.Debug|Any CPU.ActiveCfg = Debug|Any CPU
		{84025C23-87EF-403A-BEBA-22776AE41977}.Debug|Any CPU.Build.0 = Debug|Any CPU
		{84025C23-87EF-403A-BEBA-22776AE41977}.Debug|x64.ActiveCfg = Debug|Any CPU
		{84025C23-87EF-403A-BEBA-22776AE41977}.Debug|x64.Build.0 = Debug|Any CPU
		{84025C23-87EF-403A-BEBA-22776AE41977}.Debug|x86.ActiveCfg = Debug|Any CPU
		{84025C23-87EF-403A-BEBA-22776AE41977}.Debug|x86.Build.0 = Debug|Any CPU
		{84025C23-87EF-403A-BEBA-22776AE41977}.Release|Any CPU.ActiveCfg = Release|Any CPU
		{84025C23-87EF-403A-BEBA-22776AE41977}.Release|Any CPU.Build.0 = Release|Any CPU
		{84025C23-87EF-403A-BEBA-22776AE41977}.Release|x64.ActiveCfg = Release|Any CPU
		{84025C23-87EF-403A-BEBA-22776AE41977}.Release|x64.Build.0 = Release|Any CPU
		{84025C23-87EF-403A-BEBA-22776AE41977}.Release|x86.ActiveCfg = Release|Any CPU
		{84025C23-87EF-403A-BEBA-22776AE41977}.Release|x86.Build.0 = Release|Any CPU
		{056FED2E-F160-4E75-A6DB-FB6C7771E256}.Debug|Any CPU.ActiveCfg = Debug|Any CPU
		{056FED2E-F160-4E75-A6DB-FB6C7771E256}.Debug|Any CPU.Build.0 = Debug|Any CPU
		{056FED2E-F160-4E75-A6DB-FB6C7771E256}.Debug|x64.ActiveCfg = Debug|Any CPU
		{056FED2E-F160-4E75-A6DB-FB6C7771E256}.Debug|x64.Build.0 = Debug|Any CPU
		{056FED2E-F160-4E75-A6DB-FB6C7771E256}.Debug|x86.ActiveCfg = Debug|Any CPU
		{056FED2E-F160-4E75-A6DB-FB6C7771E256}.Debug|x86.Build.0 = Debug|Any CPU
		{056FED2E-F160-4E75-A6DB-FB6C7771E256}.Release|Any CPU.ActiveCfg = Release|Any CPU
		{056FED2E-F160-4E75-A6DB-FB6C7771E256}.Release|Any CPU.Build.0 = Release|Any CPU
		{056FED2E-F160-4E75-A6DB-FB6C7771E256}.Release|x64.ActiveCfg = Release|Any CPU
		{056FED2E-F160-4E75-A6DB-FB6C7771E256}.Release|x64.Build.0 = Release|Any CPU
		{056FED2E-F160-4E75-A6DB-FB6C7771E256}.Release|x86.ActiveCfg = Release|Any CPU
		{056FED2E-F160-4E75-A6DB-FB6C7771E256}.Release|x86.Build.0 = Release|Any CPU
		{4259490B-DD6E-46CD-A28C-5DCDE95D5DED}.Debug|Any CPU.ActiveCfg = Debug|Any CPU
		{4259490B-DD6E-46CD-A28C-5DCDE95D5DED}.Debug|Any CPU.Build.0 = Debug|Any CPU
		{4259490B-DD6E-46CD-A28C-5DCDE95D5DED}.Debug|x64.ActiveCfg = Debug|Any CPU
		{4259490B-DD6E-46CD-A28C-5DCDE95D5DED}.Debug|x64.Build.0 = Debug|Any CPU
		{4259490B-DD6E-46CD-A28C-5DCDE95D5DED}.Debug|x86.ActiveCfg = Debug|Any CPU
		{4259490B-DD6E-46CD-A28C-5DCDE95D5DED}.Debug|x86.Build.0 = Debug|Any CPU
		{4259490B-DD6E-46CD-A28C-5DCDE95D5DED}.Release|Any CPU.ActiveCfg = Release|Any CPU
		{4259490B-DD6E-46CD-A28C-5DCDE95D5DED}.Release|Any CPU.Build.0 = Release|Any CPU
		{4259490B-DD6E-46CD-A28C-5DCDE95D5DED}.Release|x64.ActiveCfg = Release|Any CPU
		{4259490B-DD6E-46CD-A28C-5DCDE95D5DED}.Release|x64.Build.0 = Release|Any CPU
		{4259490B-DD6E-46CD-A28C-5DCDE95D5DED}.Release|x86.ActiveCfg = Release|Any CPU
		{4259490B-DD6E-46CD-A28C-5DCDE95D5DED}.Release|x86.Build.0 = Release|Any CPU
		{F7BF279D-8076-4374-B2D5-E407C4A01213}.Debug|Any CPU.ActiveCfg = Debug|Any CPU
		{F7BF279D-8076-4374-B2D5-E407C4A01213}.Debug|Any CPU.Build.0 = Debug|Any CPU
		{F7BF279D-8076-4374-B2D5-E407C4A01213}.Debug|x64.ActiveCfg = Debug|Any CPU
		{F7BF279D-8076-4374-B2D5-E407C4A01213}.Debug|x64.Build.0 = Debug|Any CPU
		{F7BF279D-8076-4374-B2D5-E407C4A01213}.Debug|x86.ActiveCfg = Debug|Any CPU
		{F7BF279D-8076-4374-B2D5-E407C4A01213}.Debug|x86.Build.0 = Debug|Any CPU
		{F7BF279D-8076-4374-B2D5-E407C4A01213}.Release|Any CPU.ActiveCfg = Release|Any CPU
		{F7BF279D-8076-4374-B2D5-E407C4A01213}.Release|Any CPU.Build.0 = Release|Any CPU
		{F7BF279D-8076-4374-B2D5-E407C4A01213}.Release|x64.ActiveCfg = Release|Any CPU
		{F7BF279D-8076-4374-B2D5-E407C4A01213}.Release|x64.Build.0 = Release|Any CPU
		{F7BF279D-8076-4374-B2D5-E407C4A01213}.Release|x86.ActiveCfg = Release|Any CPU
		{F7BF279D-8076-4374-B2D5-E407C4A01213}.Release|x86.Build.0 = Release|Any CPU
		{56ADF786-0D0A-4136-9363-2E9C1886A6CB}.Debug|Any CPU.ActiveCfg = Debug|Any CPU
		{56ADF786-0D0A-4136-9363-2E9C1886A6CB}.Debug|Any CPU.Build.0 = Debug|Any CPU
		{56ADF786-0D0A-4136-9363-2E9C1886A6CB}.Debug|x64.ActiveCfg = Debug|Any CPU
		{56ADF786-0D0A-4136-9363-2E9C1886A6CB}.Debug|x64.Build.0 = Debug|Any CPU
		{56ADF786-0D0A-4136-9363-2E9C1886A6CB}.Debug|x86.ActiveCfg = Debug|Any CPU
		{56ADF786-0D0A-4136-9363-2E9C1886A6CB}.Debug|x86.Build.0 = Debug|Any CPU
		{56ADF786-0D0A-4136-9363-2E9C1886A6CB}.Release|Any CPU.ActiveCfg = Release|Any CPU
		{56ADF786-0D0A-4136-9363-2E9C1886A6CB}.Release|Any CPU.Build.0 = Release|Any CPU
		{56ADF786-0D0A-4136-9363-2E9C1886A6CB}.Release|x64.ActiveCfg = Release|Any CPU
		{56ADF786-0D0A-4136-9363-2E9C1886A6CB}.Release|x64.Build.0 = Release|Any CPU
		{56ADF786-0D0A-4136-9363-2E9C1886A6CB}.Release|x86.ActiveCfg = Release|Any CPU
		{56ADF786-0D0A-4136-9363-2E9C1886A6CB}.Release|x86.Build.0 = Release|Any CPU
	EndGlobalSection
	GlobalSection(SolutionProperties) = preSolution
		HideSolutionNode = FALSE
	EndGlobalSection
	GlobalSection(ExtensibilityGlobals) = postSolution
		SolutionGuid = {174423AB-4C72-4922-8FAB-A04392DAA2D8}
	EndGlobalSection
EndGlobal
